
Microsoft Visual Studio Solution File, Format Version 12.00
# Visual Studio Version 17
VisualStudioVersion = 17.1.32421.90
MinimumVisualStudioVersion = 10.0.40219.1
Project("{FAE04EC0-301F-11D3-BF4B-00C04F79EFBC}") = "SpaceShuttle", "SpaceShuttle\SpaceShuttle.csproj", "{ADE49094-116D-451B-872A-895585255877}"
EndProject
Global
	GlobalSection(SolutionConfigurationPlatforms) = preSolution
		Debug|Any CPU = Debug|Any CPU
		Release|Any CPU = Release|Any CPU
	EndGlobalSection
	GlobalSection(ProjectConfigurationPlatforms) = postSolution
		{ADE49094-116D-451B-872A-895585255877}.Debug|Any CPU.ActiveCfg = Debug|Any CPU
		{ADE49094-116D-451B-872A-895585255877}.Debug|Any CPU.Build.0 = Debug|Any CPU
		{ADE49094-116D-451B-872A-895585255877}.Release|Any CPU.ActiveCfg = Release|Any CPU
		{ADE49094-116D-451B-872A-895585255877}.Release|Any CPU.Build.0 = Release|Any CPU
	EndGlobalSection
	GlobalSection(SolutionProperties) = preSolution
		HideSolutionNode = FALSE
	EndGlobalSection
	GlobalSection(ExtensibilityGlobals) = postSolution
		SolutionGuid = {AE52AA9A-6ACF-4BFB-A6C1-6FCAAD60DE3A}
	EndGlobalSection
EndGlobal
